
Microsoft Visual Studio Solution File, Format Version 12.00
# Visual Studio 15
VisualStudioVersion = 15.0.26124.0
MinimumVisualStudioVersion = 15.0.26124.0
Project("{FAE04EC0-301F-11D3-BF4B-00C04F79EFBC}") = "API", "API\API.csproj", "{D50E56F3-8F42-4C69-95BF-DD8111764C45}"
EndProject
Project("{FAE04EC0-301F-11D3-BF4B-00C04F79EFBC}") = "Application", "Application\Application.csproj", "{8A61597D-6010-4D7A-8335-196464D75806}"
EndProject
Project("{FAE04EC0-301F-11D3-BF4B-00C04F79EFBC}") = "Persistence", "Persistence\Persistence.csproj", "{0AA3623A-0497-4CFD-A750-C3A480F5561C}"
EndProject
Project("{FAE04EC0-301F-11D3-BF4B-00C04F79EFBC}") = "Domain", "Domain\Domain.csproj", "{88DE057A-F91B-417F-938C-605C93869336}"
EndProject
Project("{FAE04EC0-301F-11D3-BF4B-00C04F79EFBC}") = "Infrastructure", "Infrastructure\Infrastructure.csproj", "{621C1F12-1A4F-4EE8-B142-FF8C4EE70CBC}"
EndProject
Global
	GlobalSection(SolutionConfigurationPlatforms) = preSolution
		Debug|Any CPU = Debug|Any CPU
		Debug|x64 = Debug|x64
		Debug|x86 = Debug|x86
		Release|Any CPU = Release|Any CPU
		Release|x64 = Release|x64
		Release|x86 = Release|x86
	EndGlobalSection
	GlobalSection(SolutionProperties) = preSolution
		HideSolutionNode = FALSE
	EndGlobalSection
	GlobalSection(ProjectConfigurationPlatforms) = postSolution
		{D50E56F3-8F42-4C69-95BF-DD8111764C45}.Debug|Any CPU.ActiveCfg = Debug|Any CPU
		{D50E56F3-8F42-4C69-95BF-DD8111764C45}.Debug|Any CPU.Build.0 = Debug|Any CPU
		{D50E56F3-8F42-4C69-95BF-DD8111764C45}.Debug|x64.ActiveCfg = Debug|Any CPU
		{D50E56F3-8F42-4C69-95BF-DD8111764C45}.Debug|x64.Build.0 = Debug|Any CPU
		{D50E56F3-8F42-4C69-95BF-DD8111764C45}.Debug|x86.ActiveCfg = Debug|Any CPU
		{D50E56F3-8F42-4C69-95BF-DD8111764C45}.Debug|x86.Build.0 = Debug|Any CPU
		{D50E56F3-8F42-4C69-95BF-DD8111764C45}.Release|Any CPU.ActiveCfg = Release|Any CPU
		{D50E56F3-8F42-4C69-95BF-DD8111764C45}.Release|Any CPU.Build.0 = Release|Any CPU
		{D50E56F3-8F42-4C69-95BF-DD8111764C45}.Release|x64.ActiveCfg = Release|Any CPU
		{D50E56F3-8F42-4C69-95BF-DD8111764C45}.Release|x64.Build.0 = Release|Any CPU
		{D50E56F3-8F42-4C69-95BF-DD8111764C45}.Release|x86.ActiveCfg = Release|Any CPU
		{D50E56F3-8F42-4C69-95BF-DD8111764C45}.Release|x86.Build.0 = Release|Any CPU
		{8A61597D-6010-4D7A-8335-196464D75806}.Debug|Any CPU.ActiveCfg = Debug|Any CPU
		{8A61597D-6010-4D7A-8335-196464D75806}.Debug|Any CPU.Build.0 = Debug|Any CPU
		{8A61597D-6010-4D7A-8335-196464D75806}.Debug|x64.ActiveCfg = Debug|Any CPU
		{8A61597D-6010-4D7A-8335-196464D75806}.Debug|x64.Build.0 = Debug|Any CPU
		{8A61597D-6010-4D7A-8335-196464D75806}.Debug|x86.ActiveCfg = Debug|Any CPU
		{8A61597D-6010-4D7A-8335-196464D75806}.Debug|x86.Build.0 = Debug|Any CPU
		{8A61597D-6010-4D7A-8335-196464D75806}.Release|Any CPU.ActiveCfg = Release|Any CPU
		{8A61597D-6010-4D7A-8335-196464D75806}.Release|Any CPU.Build.0 = Release|Any CPU
		{8A61597D-6010-4D7A-8335-196464D75806}.Release|x64.ActiveCfg = Release|Any CPU
		{8A61597D-6010-4D7A-8335-196464D75806}.Release|x64.Build.0 = Release|Any CPU
		{8A61597D-6010-4D7A-8335-196464D75806}.Release|x86.ActiveCfg = Release|Any CPU
		{8A61597D-6010-4D7A-8335-196464D75806}.Release|x86.Build.0 = Release|Any CPU
		{0AA3623A-0497-4CFD-A750-C3A480F5561C}.Debug|Any CPU.ActiveCfg = Debug|Any CPU
		{0AA3623A-0497-4CFD-A750-C3A480F5561C}.Debug|Any CPU.Build.0 = Debug|Any CPU
		{0AA3623A-0497-4CFD-A750-C3A480F5561C}.Debug|x64.ActiveCfg = Debug|Any CPU
		{0AA3623A-0497-4CFD-A750-C3A480F5561C}.Debug|x64.Build.0 = Debug|Any CPU
		{0AA3623A-0497-4CFD-A750-C3A480F5561C}.Debug|x86.ActiveCfg = Debug|Any CPU
		{0AA3623A-0497-4CFD-A750-C3A480F5561C}.Debug|x86.Build.0 = Debug|Any CPU
		{0AA3623A-0497-4CFD-A750-C3A480F5561C}.Release|Any CPU.ActiveCfg = Release|Any CPU
		{0AA3623A-0497-4CFD-A750-C3A480F5561C}.Release|Any CPU.Build.0 = Release|Any CPU
		{0AA3623A-0497-4CFD-A750-C3A480F5561C}.Release|x64.ActiveCfg = Release|Any CPU
		{0AA3623A-0497-4CFD-A750-C3A480F5561C}.Release|x64.Build.0 = Release|Any CPU
		{0AA3623A-0497-4CFD-A750-C3A480F5561C}.Release|x86.ActiveCfg = Release|Any CPU
		{0AA3623A-0497-4CFD-A750-C3A480F5561C}.Release|x86.Build.0 = Release|Any CPU
		{88DE057A-F91B-417F-938C-605C93869336}.Debug|Any CPU.ActiveCfg = Debug|Any CPU
		{88DE057A-F91B-417F-938C-605C93869336}.Debug|Any CPU.Build.0 = Debug|Any CPU
		{88DE057A-F91B-417F-938C-605C93869336}.Debug|x64.ActiveCfg = Debug|Any CPU
		{88DE057A-F91B-417F-938C-605C93869336}.Debug|x64.Build.0 = Debug|Any CPU
		{88DE057A-F91B-417F-938C-605C93869336}.Debug|x86.ActiveCfg = Debug|Any CPU
		{88DE057A-F91B-417F-938C-605C93869336}.Debug|x86.Build.0 = Debug|Any CPU
		{88DE057A-F91B-417F-938C-605C93869336}.Release|Any CPU.ActiveCfg = Release|Any CPU
		{88DE057A-F91B-417F-938C-605C93869336}.Release|Any CPU.Build.0 = Release|Any CPU
		{88DE057A-F91B-417F-938C-605C93869336}.Release|x64.ActiveCfg = Release|Any CPU
		{88DE057A-F91B-417F-938C-605C93869336}.Release|x64.Build.0 = Release|Any CPU
		{88DE057A-F91B-417F-938C-605C93869336}.Release|x86.ActiveCfg = Release|Any CPU
		{88DE057A-F91B-417F-938C-605C93869336}.Release|x86.Build.0 = Release|Any CPU
		{621C1F12-1A4F-4EE8-B142-FF8C4EE70CBC}.Debug|Any CPU.ActiveCfg = Debug|Any CPU
		{621C1F12-1A4F-4EE8-B142-FF8C4EE70CBC}.Debug|Any CPU.Build.0 = Debug|Any CPU
		{621C1F12-1A4F-4EE8-B142-FF8C4EE70CBC}.Debug|x64.ActiveCfg = Debug|Any CPU
		{621C1F12-1A4F-4EE8-B142-FF8C4EE70CBC}.Debug|x64.Build.0 = Debug|Any CPU
		{621C1F12-1A4F-4EE8-B142-FF8C4EE70CBC}.Debug|x86.ActiveCfg = Debug|Any CPU
		{621C1F12-1A4F-4EE8-B142-FF8C4EE70CBC}.Debug|x86.Build.0 = Debug|Any CPU
		{621C1F12-1A4F-4EE8-B142-FF8C4EE70CBC}.Release|Any CPU.ActiveCfg = Release|Any CPU
		{621C1F12-1A4F-4EE8-B142-FF8C4EE70CBC}.Release|Any CPU.Build.0 = Release|Any CPU
		{621C1F12-1A4F-4EE8-B142-FF8C4EE70CBC}.Release|x64.ActiveCfg = Release|Any CPU
		{621C1F12-1A4F-4EE8-B142-FF8C4EE70CBC}.Release|x64.Build.0 = Release|Any CPU
		{621C1F12-1A4F-4EE8-B142-FF8C4EE70CBC}.Release|x86.ActiveCfg = Release|Any CPU
		{621C1F12-1A4F-4EE8-B142-FF8C4EE70CBC}.Release|x86.Build.0 = Release|Any CPU
	EndGlobalSection
EndGlobal
